
Microsoft Visual Studio Solution File, Format Version 12.00
# Visual Studio Version 16
VisualStudioVersion = 16.0.31729.503
MinimumVisualStudioVersion = 10.0.40219.1
Project("{FAE04EC0-301F-11D3-BF4B-00C04F79EFBC}") = "Wifi Sifre Bulma", "Wifi Sifre Bulma\Wifi Sifre Bulma.csproj", "{4F0A3B20-A163-4F98-A620-2A4DB6C46E0A}"
EndProject
Global
	GlobalSection(SolutionConfigurationPlatforms) = preSolution
		Debug|Any CPU = Debug|Any CPU
		Release|Any CPU = Release|Any CPU
	EndGlobalSection
	GlobalSection(ProjectConfigurationPlatforms) = postSolution
		{4F0A3B20-A163-4F98-A620-2A4DB6C46E0A}.Debug|Any CPU.ActiveCfg = Debug|Any CPU
		{4F0A3B20-A163-4F98-A620-2A4DB6C46E0A}.Debug|Any CPU.Build.0 = Debug|Any CPU
		{4F0A3B20-A163-4F98-A620-2A4DB6C46E0A}.Release|Any CPU.ActiveCfg = Release|Any CPU
		{4F0A3B20-A163-4F98-A620-2A4DB6C46E0A}.Release|Any CPU.Build.0 = Release|Any CPU
	EndGlobalSection
	GlobalSection(SolutionProperties) = preSolution
		HideSolutionNode = FALSE
	EndGlobalSection
	GlobalSection(ExtensibilityGlobals) = postSolution
		SolutionGuid = {86179671-8807-49EC-B7F8-7AE36E315015}
	EndGlobalSection
EndGlobal
